
Microsoft Visual Studio Solution File, Format Version 12.00
# Visual Studio 2012
Project("{FAE04EC0-301F-11D3-BF4B-00C04F79EFBC}") = "Wpf5320", "Wpf5320\Wpf5320.csproj", "{B3D0F1BF-9451-4CB0-B0F7-9930D9A315C6}"
EndProject
Global
	GlobalSection(SolutionConfigurationPlatforms) = preSolution
		Debug|Any CPU = Debug|Any CPU
		Release|Any CPU = Release|Any CPU
	EndGlobalSection
	GlobalSection(ProjectConfigurationPlatforms) = postSolution
		{B3D0F1BF-9451-4CB0-B0F7-9930D9A315C6}.Debug|Any CPU.ActiveCfg = Debug|Any CPU
		{B3D0F1BF-9451-4CB0-B0F7-9930D9A315C6}.Debug|Any CPU.Build.0 = Debug|Any CPU
		{B3D0F1BF-9451-4CB0-B0F7-9930D9A315C6}.Release|Any CPU.ActiveCfg = Release|Any CPU
		{B3D0F1BF-9451-4CB0-B0F7-9930D9A315C6}.Release|Any CPU.Build.0 = Release|Any CPU
	EndGlobalSection
	GlobalSection(SolutionProperties) = preSolution
		HideSolutionNode = FALSE
	EndGlobalSection
EndGlobal
